[[package]]
category = "main"
description = "An implementation of lxml.xmlfile for the standard library"
name = "et-xmlfile"
optional = false
python-versions = "*"
version = "1.0.1"

[[package]]
category = "main"
description = "Julian dates from proleptic Gregorian and Julian calendars."
name = "jdcal"
optional = false
python-versions = "*"
version = "1.4.1"

[[package]]
category = "main"
description = "A Python library to read/write Excel 2010 xlsx/xlsm files"
name = "openpyxl"
optional = false
python-versions = ">=3.6,"
version = "3.0.2"

[package.dependencies]
et_xmlfile = "*"
jdcal = "*"

[[package]]
category = "main"
description = "Library to create spreadsheet files compatible with MS Excel 97/2000/XP/2003 XLS files, on any platform, with Python 2.6, 2.7, 3.3+"
name = "xlwt"
optional = false
python-versions = "*"
version = "1.3.0"

[metadata]
content-hash = "4317d6c7eefc1c50c8b776ecc0778256e23c28736236beb6f69fb76e3cd3e6fe"
python-versions = "^3.7"

[metadata.hashes]
et-xmlfile = ["614d9722d572f6246302c4491846d2c393c199cfa4edc9af593437691683335b"]
jdcal = ["1abf1305fce18b4e8aa248cf8fe0c56ce2032392bc64bbd61b5dff2a19ec8bba", "472872e096eb8df219c23f2689fc336668bdb43d194094b5cc1707e1640acfc8"]
openpyxl = ["eb68c08a72ac6d9812df181e88ebece3a68436364353eb6eda3bed863e3d73a6"]
xlwt = ["a082260524678ba48a297d922cc385f58278b8aa68741596a87de01a9c628b2e", "c59912717a9b28f1a3c2a98fd60741014b06b043936dcecbc113eaaada156c88"]
