[[package]]
category = "main"
description = "Library to create spreadsheet files compatible with MS Excel 97/2000/XP/2003 XLS files, on any platform, with Python 2.6, 2.7, 3.3+"
name = "xlwt"
optional = false
python-versions = "*"
version = "1.3.0"

[metadata]
content-hash = "1820d8281bd6c8075020157309b06bd22280061c9e0518848abcfad857153712"
python-versions = "^3.7"

[metadata.hashes]
xlwt = ["a082260524678ba48a297d922cc385f58278b8aa68741596a87de01a9c628b2e", "c59912717a9b28f1a3c2a98fd60741014b06b043936dcecbc113eaaada156c88"]
